Microsoft Visual Studio Solution File, Format Version 12.00
# Visual Studio Version 17
VisualStudioVersion = 17.5.2.0
MinimumVisualStudioVersion = 10.0.40219.1
Project("{FAE04EC0-301F-11D3-BF4B-00C04F79EFBC}") = "NCEZ.Simulator", "NCEZ.Simulator.csproj", "{FA58E393-D538-A62F-A53D-2A075E447780}"
EndProject
Global
	GlobalSection(SolutionConfigurationPlatforms) = preSolution
		Debug|Any CPU = Debug|Any CPU
		Release|Any CPU = Release|Any CPU
	EndGlobalSection
	GlobalSection(ProjectConfigurationPlatforms) = postSolution
		{FA58E393-D538-A62F-A53D-2A075E447780}.Debug|Any CPU.ActiveCfg = Debug|Any CPU
		{FA58E393-D538-A62F-A53D-2A075E447780}.Debug|Any CPU.Build.0 = Debug|Any CPU
		{FA58E393-D538-A62F-A53D-2A075E447780}.Release|Any CPU.ActiveCfg = Release|Any CPU
		{FA58E393-D538-A62F-A53D-2A075E447780}.Release|Any CPU.Build.0 = Release|Any CPU
	EndGlobalSection
	GlobalSection(SolutionProperties) = preSolution
		HideSolutionNode = FALSE
	EndGlobalSection
	GlobalSection(ExtensibilityGlobals) = postSolution
		SolutionGuid = {8A4B60AC-642B-41FA-B55E-A67744D79D40}
	EndGlobalSection
EndGlobal
